
Microsoft Visual Studio Solution File, Format Version 12.00
# Visual Studio 15
VisualStudioVersion = 15.0.26124.0
MinimumVisualStudioVersion = 15.0.26124.0
Project("{FAE04EC0-301F-11D3-BF4B-00C04F79EFBC}") = "Domain", "Domain\Domain.csproj", "{94953BD4-B4AC-4269-9809-5F7B10E19E5D}"
EndProject
Project("{FAE04EC0-301F-11D3-BF4B-00C04F79EFBC}") = "Application", "Application\Application.csproj", "{779821FA-B056-4001-9ED1-170CB31E7A83}"
EndProject
Project("{FAE04EC0-301F-11D3-BF4B-00C04F79EFBC}") = "Persistence", "Persistence\Persistence.csproj", "{9454979D-FF9E-4C97-9E6A-0476AC1D6144}"
EndProject
Project("{FAE04EC0-301F-11D3-BF4B-00C04F79EFBC}") = "API", "API\API.csproj", "{F1C7715B-EB2B-4DE7-8756-11F7192F2417}"
EndProject
Global
	GlobalSection(SolutionConfigurationPlatforms) = preSolution
		Debug|Any CPU = Debug|Any CPU
		Debug|x64 = Debug|x64
		Debug|x86 = Debug|x86
		Release|Any CPU = Release|Any CPU
		Release|x64 = Release|x64
		Release|x86 = Release|x86
	EndGlobalSection
	GlobalSection(SolutionProperties) = preSolution
		HideSolutionNode = FALSE
	EndGlobalSection
	GlobalSection(ProjectConfigurationPlatforms) = postSolution
		{94953BD4-B4AC-4269-9809-5F7B10E19E5D}.Debug|Any CPU.ActiveCfg = Debug|Any CPU
		{94953BD4-B4AC-4269-9809-5F7B10E19E5D}.Debug|Any CPU.Build.0 = Debug|Any CPU
		{94953BD4-B4AC-4269-9809-5F7B10E19E5D}.Debug|x64.ActiveCfg = Debug|Any CPU
		{94953BD4-B4AC-4269-9809-5F7B10E19E5D}.Debug|x64.Build.0 = Debug|Any CPU
		{94953BD4-B4AC-4269-9809-5F7B10E19E5D}.Debug|x86.ActiveCfg = Debug|Any CPU
		{94953BD4-B4AC-4269-9809-5F7B10E19E5D}.Debug|x86.Build.0 = Debug|Any CPU
		{94953BD4-B4AC-4269-9809-5F7B10E19E5D}.Release|Any CPU.ActiveCfg = Release|Any CPU
		{94953BD4-B4AC-4269-9809-5F7B10E19E5D}.Release|Any CPU.Build.0 = Release|Any CPU
		{94953BD4-B4AC-4269-9809-5F7B10E19E5D}.Release|x64.ActiveCfg = Release|Any CPU
		{94953BD4-B4AC-4269-9809-5F7B10E19E5D}.Release|x64.Build.0 = Release|Any CPU
		{94953BD4-B4AC-4269-9809-5F7B10E19E5D}.Release|x86.ActiveCfg = Release|Any CPU
		{94953BD4-B4AC-4269-9809-5F7B10E19E5D}.Release|x86.Build.0 = Release|Any CPU
		{779821FA-B056-4001-9ED1-170CB31E7A83}.Debug|Any CPU.ActiveCfg = Debug|Any CPU
		{779821FA-B056-4001-9ED1-170CB31E7A83}.Debug|Any CPU.Build.0 = Debug|Any CPU
		{779821FA-B056-4001-9ED1-170CB31E7A83}.Debug|x64.ActiveCfg = Debug|Any CPU
		{779821FA-B056-4001-9ED1-170CB31E7A83}.Debug|x64.Build.0 = Debug|Any CPU
		{779821FA-B056-4001-9ED1-170CB31E7A83}.Debug|x86.ActiveCfg = Debug|Any CPU
		{779821FA-B056-4001-9ED1-170CB31E7A83}.Debug|x86.Build.0 = Debug|Any CPU
		{779821FA-B056-4001-9ED1-170CB31E7A83}.Release|Any CPU.ActiveCfg = Release|Any CPU
		{779821FA-B056-4001-9ED1-170CB31E7A83}.Release|Any CPU.Build.0 = Release|Any CPU
		{779821FA-B056-4001-9ED1-170CB31E7A83}.Release|x64.ActiveCfg = Release|Any CPU
		{779821FA-B056-4001-9ED1-170CB31E7A83}.Release|x64.Build.0 = Release|Any CPU
		{779821FA-B056-4001-9ED1-170CB31E7A83}.Release|x86.ActiveCfg = Release|Any CPU
		{779821FA-B056-4001-9ED1-170CB31E7A83}.Release|x86.Build.0 = Release|Any CPU
		{9454979D-FF9E-4C97-9E6A-0476AC1D6144}.Debug|Any CPU.ActiveCfg = Debug|Any CPU
		{9454979D-FF9E-4C97-9E6A-0476AC1D6144}.Debug|Any CPU.Build.0 = Debug|Any CPU
		{9454979D-FF9E-4C97-9E6A-0476AC1D6144}.Debug|x64.ActiveCfg = Debug|Any CPU
		{9454979D-FF9E-4C97-9E6A-0476AC1D6144}.Debug|x64.Build.0 = Debug|Any CPU
		{9454979D-FF9E-4C97-9E6A-0476AC1D6144}.Debug|x86.ActiveCfg = Debug|Any CPU
		{9454979D-FF9E-4C97-9E6A-0476AC1D6144}.Debug|x86.Build.0 = Debug|Any CPU
		{9454979D-FF9E-4C97-9E6A-0476AC1D6144}.Release|Any CPU.ActiveCfg = Release|Any CPU
		{9454979D-FF9E-4C97-9E6A-0476AC1D6144}.Release|Any CPU.Build.0 = Release|Any CPU
		{9454979D-FF9E-4C97-9E6A-0476AC1D6144}.Release|x64.ActiveCfg = Release|Any CPU
		{9454979D-FF9E-4C97-9E6A-0476AC1D6144}.Release|x64.Build.0 = Release|Any CPU
		{9454979D-FF9E-4C97-9E6A-0476AC1D6144}.Release|x86.ActiveCfg = Release|Any CPU
		{9454979D-FF9E-4C97-9E6A-0476AC1D6144}.Release|x86.Build.0 = Release|Any CPU
		{F1C7715B-EB2B-4DE7-8756-11F7192F2417}.Debug|Any CPU.ActiveCfg = Debug|Any CPU
		{F1C7715B-EB2B-4DE7-8756-11F7192F2417}.Debug|Any CPU.Build.0 = Debug|Any CPU
		{F1C7715B-EB2B-4DE7-8756-11F7192F2417}.Debug|x64.ActiveCfg = Debug|Any CPU
		{F1C7715B-EB2B-4DE7-8756-11F7192F2417}.Debug|x64.Build.0 = Debug|Any CPU
		{F1C7715B-EB2B-4DE7-8756-11F7192F2417}.Debug|x86.ActiveCfg = Debug|Any CPU
		{F1C7715B-EB2B-4DE7-8756-11F7192F2417}.Debug|x86.Build.0 = Debug|Any CPU
		{F1C7715B-EB2B-4DE7-8756-11F7192F2417}.Release|Any CPU.ActiveCfg = Release|Any CPU
		{F1C7715B-EB2B-4DE7-8756-11F7192F2417}.Release|Any CPU.Build.0 = Release|Any CPU
		{F1C7715B-EB2B-4DE7-8756-11F7192F2417}.Release|x64.ActiveCfg = Release|Any CPU
		{F1C7715B-EB2B-4DE7-8756-11F7192F2417}.Release|x64.Build.0 = Release|Any CPU
		{F1C7715B-EB2B-4DE7-8756-11F7192F2417}.Release|x86.ActiveCfg = Release|Any CPU
		{F1C7715B-EB2B-4DE7-8756-11F7192F2417}.Release|x86.Build.0 = Release|Any CPU
	EndGlobalSection
EndGlobal
